
Microsoft Visual Studio Solution File, Format Version 12.00
Project("{FAE04EC0-301F-11D3-BF4B-00C04F79EFBC}") = "SpotifySyncer", "SpotifySyncer\SpotifySyncer.csproj", "{9AEEAFA6-5926-4026-8A0C-8B9C3283279A}"
EndProject
Global
	GlobalSection(SolutionConfigurationPlatforms) = preSolution
		Debug|Any CPU = Debug|Any CPU
		Release|Any CPU = Release|Any CPU
	EndGlobalSection
	GlobalSection(ProjectConfigurationPlatforms) = postSolution
		{9AEEAFA6-5926-4026-8A0C-8B9C3283279A}.Debug|Any CPU.ActiveCfg = Debug|Any CPU
		{9AEEAFA6-5926-4026-8A0C-8B9C3283279A}.Debug|Any CPU.Build.0 = Debug|Any CPU
		{9AEEAFA6-5926-4026-8A0C-8B9C3283279A}.Release|Any CPU.ActiveCfg = Release|Any CPU
		{9AEEAFA6-5926-4026-8A0C-8B9C3283279A}.Release|Any CPU.Build.0 = Release|Any CPU
	EndGlobalSection
EndGlobal
